
Microsoft Visual Studio Solution File, Format Version 12.00
# Visual Studio Version 17
VisualStudioVersion = 17.11.35208.52
MinimumVisualStudioVersion = 10.0.40219.1
Project("{FAE04EC0-301F-11D3-BF4B-00C04F79EFBC}") = "SolumReaderID3000", "SolumReaderID3000\SolumReaderID3000.csproj", "{04E5FBA6-E1ED-49AF-B0F2-B232143F4B3D}"
EndProject
Project("{FAE04EC0-301F-11D3-BF4B-00C04F79EFBC}") = "MSFactoryDLL", "..\MSFactoryDLL\MSFactoryDLL\MSFactoryDLL.csproj", "{82A98683-25CD-4382-88AC-7365E2726450}"
EndProject
Global
	GlobalSection(SolutionConfigurationPlatforms) = preSolution
		Debug|Any CPU = Debug|Any CPU
		Debug|x64 = Debug|x64
		Release|Any CPU = Release|Any CPU
		Release|x64 = Release|x64
	EndGlobalSection
	GlobalSection(ProjectConfigurationPlatforms) = postSolution
		{04E5FBA6-E1ED-49AF-B0F2-B232143F4B3D}.Debug|Any CPU.ActiveCfg = Debug|Any CPU
		{04E5FBA6-E1ED-49AF-B0F2-B232143F4B3D}.Debug|Any CPU.Build.0 = Debug|Any CPU
		{04E5FBA6-E1ED-49AF-B0F2-B232143F4B3D}.Debug|x64.ActiveCfg = Debug|Any CPU
		{04E5FBA6-E1ED-49AF-B0F2-B232143F4B3D}.Debug|x64.Build.0 = Debug|Any CPU
		{04E5FBA6-E1ED-49AF-B0F2-B232143F4B3D}.Release|Any CPU.ActiveCfg = Release|Any CPU
		{04E5FBA6-E1ED-49AF-B0F2-B232143F4B3D}.Release|Any CPU.Build.0 = Release|Any CPU
		{04E5FBA6-E1ED-49AF-B0F2-B232143F4B3D}.Release|x64.ActiveCfg = Release|Any CPU
		{04E5FBA6-E1ED-49AF-B0F2-B232143F4B3D}.Release|x64.Build.0 = Release|Any CPU
		{82A98683-25CD-4382-88AC-7365E2726450}.Debug|Any CPU.ActiveCfg = Debug|Any CPU
		{82A98683-25CD-4382-88AC-7365E2726450}.Debug|Any CPU.Build.0 = Debug|Any CPU
		{82A98683-25CD-4382-88AC-7365E2726450}.Debug|x64.ActiveCfg = Debug|x64
		{82A98683-25CD-4382-88AC-7365E2726450}.Debug|x64.Build.0 = Debug|x64
		{82A98683-25CD-4382-88AC-7365E2726450}.Release|Any CPU.ActiveCfg = Release|Any CPU
		{82A98683-25CD-4382-88AC-7365E2726450}.Release|Any CPU.Build.0 = Release|Any CPU
		{82A98683-25CD-4382-88AC-7365E2726450}.Release|x64.ActiveCfg = Release|x64
		{82A98683-25CD-4382-88AC-7365E2726450}.Release|x64.Build.0 = Release|x64
	EndGlobalSection
	GlobalSection(SolutionProperties) = preSolution
		HideSolutionNode = FALSE
	EndGlobalSection
	GlobalSection(ExtensibilityGlobals) = postSolution
		SolutionGuid = {D1B4EB2D-AC44-4104-B540-DBA3608E445B}
	EndGlobalSection
EndGlobal
